Microsoft Visual Studio Solution File, Format Version 12.00
# Visual Studio 2012
Project("{FAE04EC0-301F-11D3-BF4B-00C04F79EFBC}") = "NokiaJam", "NokiaJam.csproj", "{C8DA8169-2A4A-4781-9265-7452C998E53A}"
EndProject
Global
	GlobalSection(SolutionConfigurationPlatforms) = preSolution
	Debug|Any CPU = Debug|Any CPU
	ExportDebug|Any CPU = ExportDebug|Any CPU
	ExportRelease|Any CPU = ExportRelease|Any CPU
	EndGlobalSection
	GlobalSection(ProjectConfigurationPlatforms) = postSolution
		{C8DA8169-2A4A-4781-9265-7452C998E53A}.Debug|Any CPU.ActiveCfg = Debug|Any CPU
		{C8DA8169-2A4A-4781-9265-7452C998E53A}.Debug|Any CPU.Build.0 = Debug|Any CPU
		{C8DA8169-2A4A-4781-9265-7452C998E53A}.ExportDebug|Any CPU.ActiveCfg = ExportDebug|Any CPU
		{C8DA8169-2A4A-4781-9265-7452C998E53A}.ExportDebug|Any CPU.Build.0 = ExportDebug|Any CPU
		{C8DA8169-2A4A-4781-9265-7452C998E53A}.ExportRelease|Any CPU.ActiveCfg = ExportRelease|Any CPU
		{C8DA8169-2A4A-4781-9265-7452C998E53A}.ExportRelease|Any CPU.Build.0 = ExportRelease|Any CPU
	EndGlobalSection
EndGlobal
